
Microsoft Visual Studio Solution File, Format Version 12.00
# Visual Studio Version 17
VisualStudioVersion = 17.2.32516.85
MinimumVisualStudioVersion = 10.0.40219.1
Project("{9A19103F-16F7-4668-BE54-9A1E7A4F7556}") = "BlazorServerApp", "BlazorServerApp\BlazorServerApp.csproj", "{5947E989-5EE0-4C83-A151-3B6E6A7E6844}"
EndProject
Global
	GlobalSection(SolutionConfigurationPlatforms) = preSolution
		Debug|Any CPU = Debug|Any CPU
		Release|Any CPU = Release|Any CPU
	EndGlobalSection
	GlobalSection(ProjectConfigurationPlatforms) = postSolution
		{5947E989-5EE0-4C83-A151-3B6E6A7E6844}.Debug|Any CPU.ActiveCfg = Debug|Any CPU
		{5947E989-5EE0-4C83-A151-3B6E6A7E6844}.Debug|Any CPU.Build.0 = Debug|Any CPU
		{5947E989-5EE0-4C83-A151-3B6E6A7E6844}.Release|Any CPU.ActiveCfg = Release|Any CPU
		{5947E989-5EE0-4C83-A151-3B6E6A7E6844}.Release|Any CPU.Build.0 = Release|Any CPU
	EndGlobalSection
	GlobalSection(SolutionProperties) = preSolution
		HideSolutionNode = FALSE
	EndGlobalSection
	GlobalSection(ExtensibilityGlobals) = postSolution
		SolutionGuid = {47D3A9FF-79EF-4087-8CA6-2E116E4642DE}
	EndGlobalSection
EndGlobal
